// !$*UTF8*$!
{
	archiveVersion = 1;
	classes = {
	};
	objectVersion = 56;
	objects = {

/* Begin PBXBuildFile section */
		1E33C35E29B0035D00B4D320 /* RegisterFirstViewController.swift in Sources */ = {isa = PBXBuildFile; fileRef = 1E33C35D29B0035D00B4D320 /* RegisterFirstViewController.swift */; };
		1EF30EA529D29C9C0082E775 /* SharedSong.swift in Sources */ = {isa = PBXBuildFile; fileRef = 1EF30EA429D29C9C0082E775 /* SharedSong.swift */; };
		1EF30EA929D371690082E775 /* SharedArtist.swift in Sources */ = {isa = PBXBuildFile; fileRef = 1EF30EA829D371690082E775 /* SharedArtist.swift */; };
		5B06281A29B7E36700012791 /* ticket.png in Resources */ = {isa = PBXBuildFile; fileRef = 5B06281629B7E36700012791 /* ticket.png */; };
		5B06281B29B7E36700012791 /* profile.png in Resources */ = {isa = PBXBuildFile; fileRef = 5B06281729B7E36700012791 /* profile.png */; };
		5B06281C29B7E36700012791 /* friends.png in Resources */ = {isa = PBXBuildFile; fileRef = 5B06281829B7E36700012791 /* friends.png */; };
		5B06281D29B7E36700012791 /* home.png in Resources */ = {isa = PBXBuildFile; fileRef = 5B06281929B7E36700012791 /* home.png */; };
		5B06281F29B7E97600012791 /* settings.png in Resources */ = {isa = PBXBuildFile; fileRef = 5B06281E29B7E97600012791 /* settings.png */; };
		5B49B78C29B1780F00247E0C /* WelcomeViewController.swift in Sources */ = {isa = PBXBuildFile; fileRef = 5B49B78B29B1780F00247E0C /* WelcomeViewController.swift */; };
		5B49B78E29B178CC00247E0C /* ConnectSpotifyViewController.swift in Sources */ = {isa = PBXBuildFile; fileRef = 5B49B78D29B178CC00247E0C /* ConnectSpotifyViewController.swift */; };
		5B6C828E29B66CBC00A72CD7 /* SpotifyLogo.png in Resources */ = {isa = PBXBuildFile; fileRef = 5B6C828D29B66CBC00A72CD7 /* SpotifyLogo.png */; };
		5B72CD1629B7F0C00024DEAF /* SettingsViewController.swift in Sources */ = {isa = PBXBuildFile; fileRef = 5B72CD1529B7F0C00024DEAF /* SettingsViewController.swift */; };
		5B72CD1829B7F56B0024DEAF /* edit.png in Resources */ = {isa = PBXBuildFile; fileRef = 5B72CD1729B7F56B0024DEAF /* edit.png */; };
		5B82A73C29B179790032C1FE /* AddFriendsViewController.swift in Sources */ = {isa = PBXBuildFile; fileRef = 5B82A73B29B179790032C1FE /* AddFriendsViewController.swift */; };
		5B82A73E29B17ABD0032C1FE /* HomeViewController.swift in Sources */ = {isa = PBXBuildFile; fileRef = 5B82A73D29B17ABD0032C1FE /* HomeViewController.swift */; };
		5B82A74029B17D680032C1FE /* ConcertsViewController.swift in Sources */ = {isa = PBXBuildFile; fileRef = 5B82A73F29B17D680032C1FE /* ConcertsViewController.swift */; };
		5B82A74229B17D7C0032C1FE /* MyFriendsViewController.swift in Sources */ = {isa = PBXBuildFile; fileRef = 5B82A74129B17D7C0032C1FE /* MyFriendsViewController.swift */; };
		5B82A74429B17D890032C1FE /* MyListeningViewController.swift in Sources */ = {isa = PBXBuildFile; fileRef = 5B82A74329B17D890032C1FE /* MyListeningViewController.swift */; };
		5BE71A3029AE89970067DD61 /* LoginScreenViewController.swift in Sources */ = {isa = PBXBuildFile; fileRef = 5BE71A2F29AE89970067DD61 /* LoginScreenViewController.swift */; };
		5BE71A3329AFFCA40067DD61 /* LogoWithName.png in Resources */ = {isa = PBXBuildFile; fileRef = 5BE71A3129AFFCA40067DD61 /* LogoWithName.png */; };
		5BE71A3429AFFCA40067DD61 /* Logo.png in Resources */ = {isa = PBXBuildFile; fileRef = 5BE71A3229AFFCA40067DD61 /* Logo.png */; };
		5BE71A3629B166B40067DD61 /* GoogleService-Info.plist in Resources */ = {isa = PBXBuildFile; fileRef = 5BE71A3529B166B40067DD61 /* GoogleService-Info.plist */; };
		5BEF4C7629B8041B005FA74E /* back.png in Resources */ = {isa = PBXBuildFile; fileRef = 5BEF4C7529B8041B005FA74E /* back.png */; };
		B6DA27C329AE7030003D2C44 /* AppDelegate.swift in Sources */ = {isa = PBXBuildFile; fileRef = B6DA27C229AE7030003D2C44 /* AppDelegate.swift */; };
		B6DA27C529AE7030003D2C44 /* SceneDelegate.swift in Sources */ = {isa = PBXBuildFile; fileRef = B6DA27C429AE7030003D2C44 /* SceneDelegate.swift */; };
		B6DA27C729AE7030003D2C44 /* SplashScreenViewController.swift in Sources */ = {isa = PBXBuildFile; fileRef = B6DA27C629AE7030003D2C44 /* SplashScreenViewController.swift */; };
		B6DA27CA29AE7030003D2C44 /* Main.storyboard in Resources */ = {isa = PBXBuildFile; fileRef = B6DA27C829AE7030003D2C44 /* Main.storyboard */; };
		B6DA27CC29AE7035003D2C44 /* Assets.xcassets in Resources */ = {isa = PBXBuildFile; fileRef = B6DA27CB29AE7035003D2C44 /* Assets.xcassets */; };
		B6DA27CF29AE7035003D2C44 /* LaunchScreen.storyboard in Resources */ = {isa = PBXBuildFile; fileRef = B6DA27CD29AE7035003D2C44 /* LaunchScreen.storyboard */; };
		F64233C929B2899E00D671E1 /* SpotifyAPI in Frameworks */ = {isa = PBXBuildFile; productRef = F64233C829B2899E00D671E1 /* SpotifyAPI */; };
		F64233CC29B2B37100D671E1 /* FirebaseAnalytics in Frameworks */ = {isa = PBXBuildFile; productRef = F64233CB29B2B37100D671E1 /* FirebaseAnalytics */; };
		F64233CE29B2B37100D671E1 /* FirebaseAnalyticsOnDeviceConversion in Frameworks */ = {isa = PBXBuildFile; productRef = F64233CD29B2B37100D671E1 /* FirebaseAnalyticsOnDeviceConversion */; };
		F64233D029B2B37100D671E1 /* FirebaseAnalyticsSwift in Frameworks */ = {isa = PBXBuildFile; productRef = F64233CF29B2B37100D671E1 /* FirebaseAnalyticsSwift */; };
		F64233D229B2B37100D671E1 /* FirebaseAnalyticsWithoutAdIdSupport in Frameworks */ = {isa = PBXBuildFile; productRef = F64233D129B2B37100D671E1 /* FirebaseAnalyticsWithoutAdIdSupport */; };
		F64233D429B2B37100D671E1 /* FirebaseAppCheck in Frameworks */ = {isa = PBXBuildFile; productRef = F64233D329B2B37100D671E1 /* FirebaseAppCheck */; };
		F64233D629B2B37100D671E1 /* FirebaseAppDistribution-Beta in Frameworks */ = {isa = PBXBuildFile; productRef = F64233D529B2B37100D671E1 /* FirebaseAppDistribution-Beta */; };
		F64233D829B2B37100D671E1 /* FirebaseAuth in Frameworks */ = {isa = PBXBuildFile; productRef = F64233D729B2B37100D671E1 /* FirebaseAuth */; };
		F64233DA29B2B37100D671E1 /* FirebaseAuthCombine-Community in Frameworks */ = {isa = PBXBuildFile; productRef = F64233D929B2B37100D671E1 /* FirebaseAuthCombine-Community */; };
		F64233DC29B2B37100D671E1 /* FirebaseCrashlytics in Frameworks */ = {isa = PBXBuildFile; productRef = F64233DB29B2B37100D671E1 /* FirebaseCrashlytics */; };
		F64233DE29B2B37100D671E1 /* FirebaseDatabase in Frameworks */ = {isa = PBXBuildFile; productRef = F64233DD29B2B37100D671E1 /* FirebaseDatabase */; };
		F64233E029B2B37100D671E1 /* FirebaseDatabaseSwift in Frameworks */ = {isa = PBXBuildFile; productRef = F64233DF29B2B37100D671E1 /* FirebaseDatabaseSwift */; };
		F64233E229B2B37100D671E1 /* FirebaseDynamicLinks in Frameworks */ = {isa = PBXBuildFile; productRef = F64233E129B2B37100D671E1 /* FirebaseDynamicLinks */; };
		F64233E429B2B37100D671E1 /* FirebaseFirestore in Frameworks */ = {isa = PBXBuildFile; productRef = F64233E329B2B37100D671E1 /* FirebaseFirestore */; };
		F64233E629B2B37100D671E1 /* FirebaseFirestoreCombine-Community in Frameworks */ = {isa = PBXBuildFile; productRef = F64233E529B2B37100D671E1 /* FirebaseFirestoreCombine-Community */; };
		F64233E829B2B37100D671E1 /* FirebaseFirestoreSwift in Frameworks */ = {isa = PBXBuildFile; productRef = F64233E729B2B37100D671E1 /* FirebaseFirestoreSwift */; };
		F64233EA29B2B37100D671E1 /* FirebaseFunctions in Frameworks */ = {isa = PBXBuildFile; productRef = F64233E929B2B37100D671E1 /* FirebaseFunctions */; };
		F64233EC29B2B37100D671E1 /* FirebaseFunctionsCombine-Community in Frameworks */ = {isa = PBXBuildFile; productRef = F64233EB29B2B37100D671E1 /* FirebaseFunctionsCombine-Community */; };
		F64233EE29B2B37100D671E1 /* FirebaseInAppMessaging-Beta in Frameworks */ = {isa = PBXBuildFile; productRef = F64233ED29B2B37100D671E1 /* FirebaseInAppMessaging-Beta */; };
		F64233F029B2B37100D671E1 /* FirebaseInAppMessagingSwift-Beta in Frameworks */ = {isa = PBXBuildFile; productRef = F64233EF29B2B37100D671E1 /* FirebaseInAppMessagingSwift-Beta */; };
		F64233F229B2B37100D671E1 /* FirebaseInstallations in Frameworks */ = {isa = PBXBuildFile; productRef = F64233F129B2B37100D671E1 /* FirebaseInstallations */; };
		F64233F429B2B37100D671E1 /* FirebaseMLModelDownloader in Frameworks */ = {isa = PBXBuildFile; productRef = F64233F329B2B37100D671E1 /* FirebaseMLModelDownloader */; };
		F64233F629B2B37100D671E1 /* FirebaseMessaging in Frameworks */ = {isa = PBXBuildFile; productRef = F64233F529B2B37100D671E1 /* FirebaseMessaging */; };
		F64233F829B2B37100D671E1 /* FirebasePerformance in Frameworks */ = {isa = PBXBuildFile; productRef = F64233F729B2B37100D671E1 /* FirebasePerformance */; };
		F64233FA29B2B37100D671E1 /* FirebaseRemoteConfig in Frameworks */ = {isa = PBXBuildFile; productRef = F64233F929B2B37100D671E1 /* FirebaseRemoteConfig */; };
		F64233FC29B2B37100D671E1 /* FirebaseRemoteConfigSwift in Frameworks */ = {isa = PBXBuildFile; productRef = F64233FB29B2B37100D671E1 /* FirebaseRemoteConfigSwift */; };
		F64233FE29B2B37100D671E1 /* FirebaseStorage in Frameworks */ = {isa = PBXBuildFile; productRef = F64233FD29B2B37100D671E1 /* FirebaseStorage */; };
		F642340029B2B37100D671E1 /* FirebaseStorageCombine-Community in Frameworks */ = {isa = PBXBuildFile; productRef = F64233FF29B2B37100D671E1 /* FirebaseStorageCombine-Community */; };
/* End PBXBuildFile section */

/* Begin PBXFileReference section */
		1E33C35D29B0035D00B4D320 /* RegisterFirstViewController.swift */ = {isa = PBXFileReference; lastKnownFileType = sourcecode.swift; path = RegisterFirstViewController.swift; sourceTree = "<group>"; };
		1EF30EA429D29C9C0082E775 /* SharedSong.swift */ = {isa = PBXFileReference; lastKnownFileType = sourcecode.swift; path = SharedSong.swift; sourceTree = "<group>"; };
		1EF30EA829D371690082E775 /* SharedArtist.swift */ = {isa = PBXFileReference; lastKnownFileType = sourcecode.swift; path = SharedArtist.swift; sourceTree = "<group>"; };
		5B06281629B7E36700012791 /* ticket.png */ = {isa = PBXFileReference; lastKnownFileType = image.png; path = ticket.png; sourceTree = "<group>"; };
		5B06281729B7E36700012791 /* profile.png */ = {isa = PBXFileReference; lastKnownFileType = image.png; path = profile.png; sourceTree = "<group>"; };
		5B06281829B7E36700012791 /* friends.png */ = {isa = PBXFileReference; lastKnownFileType = image.png; path = friends.png; sourceTree = "<group>"; };
		5B06281929B7E36700012791 /* home.png */ = {isa = PBXFileReference; lastKnownFileType = image.png; path = home.png; sourceTree = "<group>"; };
		5B06281E29B7E97600012791 /* settings.png */ = {isa = PBXFileReference; lastKnownFileType = image.png; path = settings.png; sourceTree = "<group>"; };
		5B49B78B29B1780F00247E0C /* WelcomeViewController.swift */ = {isa = PBXFileReference; lastKnownFileType = sourcecode.swift; path = WelcomeViewController.swift; sourceTree = "<group>"; };
		5B49B78D29B178CC00247E0C /* ConnectSpotifyViewController.swift */ = {isa = PBXFileReference; lastKnownFileType = sourcecode.swift; path = ConnectSpotifyViewController.swift; sourceTree = "<group>"; };
		5B6C828D29B66CBC00A72CD7 /* SpotifyLogo.png */ = {isa = PBXFileReference; lastKnownFileType = image.png; path = SpotifyLogo.png; sourceTree = "<group>"; };
		5B72CD1529B7F0C00024DEAF /* SettingsViewController.swift */ = {isa = PBXFileReference; lastKnownFileType = sourcecode.swift; path = SettingsViewController.swift; sourceTree = "<group>"; };
		5B72CD1729B7F56B0024DEAF /* edit.png */ = {isa = PBXFileReference; lastKnownFileType = image.png; path = edit.png; sourceTree = "<group>"; };
		5B82A73B29B179790032C1FE /* AddFriendsViewController.swift */ = {isa = PBXFileReference; lastKnownFileType = sourcecode.swift; path = AddFriendsViewController.swift; sourceTree = "<group>"; };
		5B82A73D29B17ABD0032C1FE /* HomeViewController.swift */ = {isa = PBXFileReference; lastKnownFileType = sourcecode.swift; path = HomeViewController.swift; sourceTree = "<group>"; };
		5B82A73F29B17D680032C1FE /* ConcertsViewController.swift */ = {isa = PBXFileReference; lastKnownFileType = sourcecode.swift; path = ConcertsViewController.swift; sourceTree = "<group>"; };
		5B82A74129B17D7C0032C1FE /* MyFriendsViewController.swift */ = {isa = PBXFileReference; lastKnownFileType = sourcecode.swift; path = MyFriendsViewController.swift; sourceTree = "<group>"; };
		5B82A74329B17D890032C1FE /* MyListeningViewController.swift */ = {isa = PBXFileReference; lastKnownFileType = sourcecode.swift; path = MyListeningViewController.swift; sourceTree = "<group>"; };
		5BE71A2F29AE89970067DD61 /* LoginScreenViewController.swift */ = {isa = PBXFileReference; lastKnownFileType = sourcecode.swift; path = LoginScreenViewController.swift; sourceTree = "<group>"; };
		5BE71A3129AFFCA40067DD61 /* LogoWithName.png */ = {isa = PBXFileReference; lastKnownFileType = image.png; path = LogoWithName.png; sourceTree = "<group>"; };
		5BE71A3229AFFCA40067DD61 /* Logo.png */ = {isa = PBXFileReference; lastKnownFileType = image.png; path = Logo.png; sourceTree = "<group>"; };
		5BE71A3529B166B40067DD61 /* GoogleService-Info.plist */ = {isa = PBXFileReference; fileEncoding = 4; lastKnownFileType = text.plist.xml; path = "GoogleService-Info.plist"; sourceTree = "<group>"; };
		5BEF4C7529B8041B005FA74E /* back.png */ = {isa = PBXFileReference; lastKnownFileType = image.png; path = back.png; sourceTree = "<group>"; };
		B6DA27BF29AE7030003D2C44 /* Muse.app */ = {isa = PBXFileReference; explicitFileType = wrapper.application; includeInIndex = 0; path = Muse.app; sourceTree = BUILT_PRODUCTS_DIR; };
		B6DA27C229AE7030003D2C44 /* AppDelegate.swift */ = {isa = PBXFileReference; lastKnownFileType = sourcecode.swift; path = AppDelegate.swift; sourceTree = "<group>"; };
		B6DA27C429AE7030003D2C44 /* SceneDelegate.swift */ = {isa = PBXFileReference; lastKnownFileType = sourcecode.swift; path = SceneDelegate.swift; sourceTree = "<group>"; };
		B6DA27C629AE7030003D2C44 /* SplashScreenViewController.swift */ = {isa = PBXFileReference; lastKnownFileType = sourcecode.swift; path = SplashScreenViewController.swift; sourceTree = "<group>"; };
		B6DA27C929AE7030003D2C44 /* Base */ = {isa = PBXFileReference; lastKnownFileType = file.storyboard; name = Base; path = Base.lproj/Main.storyboard; sourceTree = "<group>"; };
		B6DA27CB29AE7035003D2C44 /* Assets.xcassets */ = {isa = PBXFileReference; lastKnownFileType = folder.assetcatalog; path = Assets.xcassets; sourceTree = "<group>"; };
		B6DA27CE29AE7035003D2C44 /* Base */ = {isa = PBXFileReference; lastKnownFileType = file.storyboard; name = Base; path = Base.lproj/LaunchScreen.storyboard; sourceTree = "<group>"; };
		B6DA27D029AE7035003D2C44 /* Info.plist */ = {isa = PBXFileReference; lastKnownFileType = text.plist.xml; path = Info.plist; sourceTree = "<group>"; };
/* End PBXFileReference section */

/* Begin PBXFrameworksBuildPhase section */
		B6DA27BC29AE7030003D2C44 /* Frameworks */ = {
			isa = PBXFrameworksBuildPhase;
			buildActionMask = 2147483647;
			files = (
				F64233EA29B2B37100D671E1 /* FirebaseFunctions in Frameworks */,
				F64233E029B2B37100D671E1 /* FirebaseDatabaseSwift in Frameworks */,
				F64233F029B2B37100D671E1 /* FirebaseInAppMessagingSwift-Beta in Frameworks */,
				F64233F629B2B37100D671E1 /* FirebaseMessaging in Frameworks */,
				F64233D629B2B37100D671E1 /* FirebaseAppDistribution-Beta in Frameworks */,
				F64233DA29B2B37100D671E1 /* FirebaseAuthCombine-Community in Frameworks */,
				F64233E629B2B37100D671E1 /* FirebaseFirestoreCombine-Community in Frameworks */,
				F64233D029B2B37100D671E1 /* FirebaseAnalyticsSwift in Frameworks */,
				F64233F429B2B37100D671E1 /* FirebaseMLModelDownloader in Frameworks */,
				F64233D229B2B37100D671E1 /* FirebaseAnalyticsWithoutAdIdSupport in Frameworks */,
				F64233CC29B2B37100D671E1 /* FirebaseAnalytics in Frameworks */,
				F64233E829B2B37100D671E1 /* FirebaseFirestoreSwift in Frameworks */,
				F64233CE29B2B37100D671E1 /* FirebaseAnalyticsOnDeviceConversion in Frameworks */,
				F64233D429B2B37100D671E1 /* FirebaseAppCheck in Frameworks */,
				F64233F829B2B37100D671E1 /* FirebasePerformance in Frameworks */,
				F64233EE29B2B37100D671E1 /* FirebaseInAppMessaging-Beta in Frameworks */,
				F64233EC29B2B37100D671E1 /* FirebaseFunctionsCombine-Community in Frameworks */,
				F64233DC29B2B37100D671E1 /* FirebaseCrashlytics in Frameworks */,
				F64233F229B2B37100D671E1 /* FirebaseInstallations in Frameworks */,
				F64233FA29B2B37100D671E1 /* FirebaseRemoteConfig in Frameworks */,
				F64233FE29B2B37100D671E1 /* FirebaseStorage in Frameworks */,
				F64233DE29B2B37100D671E1 /* FirebaseDatabase in Frameworks */,
				F642340029B2B37100D671E1 /* FirebaseStorageCombine-Community in Frameworks */,
				F64233C929B2899E00D671E1 /* SpotifyAPI in Frameworks */,
				F64233D829B2B37100D671E1 /* FirebaseAuth in Frameworks */,
				F64233E229B2B37100D671E1 /* FirebaseDynamicLinks in Frameworks */,
				F64233E429B2B37100D671E1 /* FirebaseFirestore in Frameworks */,
				F64233FC29B2B37100D671E1 /* FirebaseRemoteConfigSwift in Frameworks */,
			);
			runOnlyForDeploymentPostprocessing = 0;
		};
/* End PBXFrameworksBuildPhase section */

/* Begin PBXGroup section */
		5B06281529B7E33600012791 /* Images */ = {
			isa = PBXGroup;
			children = (
				5BEF4C7529B8041B005FA74E /* back.png */,
				5B72CD1729B7F56B0024DEAF /* edit.png */,
				5B06281E29B7E97600012791 /* settings.png */,
				5B06281829B7E36700012791 /* friends.png */,
				5B06281929B7E36700012791 /* home.png */,
				5B06281729B7E36700012791 /* profile.png */,
				5B06281629B7E36700012791 /* ticket.png */,
				5BE71A3229AFFCA40067DD61 /* Logo.png */,
				5BE71A3129AFFCA40067DD61 /* LogoWithName.png */,
				5B6C828D29B66CBC00A72CD7 /* SpotifyLogo.png */,
			);
			path = Images;
			sourceTree = "<group>";
		};
		5B82A74529B2C6C90032C1FE /* ViewControllers */ = {
			isa = PBXGroup;
			children = (
				B6DA27C629AE7030003D2C44 /* SplashScreenViewController.swift */,
				1E33C35D29B0035D00B4D320 /* RegisterFirstViewController.swift */,
				5BE71A2F29AE89970067DD61 /* LoginScreenViewController.swift */,
				5B49B78B29B1780F00247E0C /* WelcomeViewController.swift */,
				5B49B78D29B178CC00247E0C /* ConnectSpotifyViewController.swift */,
				1EF30EA829D371690082E775 /* SharedArtist.swift */,
				5B82A73B29B179790032C1FE /* AddFriendsViewController.swift */,
				5B82A73D29B17ABD0032C1FE /* HomeViewController.swift */,
				1EF30EA429D29C9C0082E775 /* SharedSong.swift */,
				5B82A73F29B17D680032C1FE /* ConcertsViewController.swift */,
				5B82A74129B17D7C0032C1FE /* MyFriendsViewController.swift */,
				5B82A74329B17D890032C1FE /* MyListeningViewController.swift */,
				5B72CD1529B7F0C00024DEAF /* SettingsViewController.swift */,
			);
			path = ViewControllers;
			sourceTree = "<group>";
		};
		B6DA27B629AE7030003D2C44 = {
			isa = PBXGroup;
			children = (
				B6DA27C129AE7030003D2C44 /* Muse */,
				B6DA27C029AE7030003D2C44 /* Products */,
			);
			sourceTree = "<group>";
		};
		B6DA27C029AE7030003D2C44 /* Products */ = {
			isa = PBXGroup;
			children = (
				B6DA27BF29AE7030003D2C44 /* Muse.app */,
			);
			name = Products;
			sourceTree = "<group>";
		};
		B6DA27C129AE7030003D2C44 /* Muse */ = {
			isa = PBXGroup;
			children = (
				5B06281529B7E33600012791 /* Images */,
				5B82A74529B2C6C90032C1FE /* ViewControllers */,
				B6DA27C229AE7030003D2C44 /* AppDelegate.swift */,
				B6DA27C429AE7030003D2C44 /* SceneDelegate.swift */,
				B6DA27C829AE7030003D2C44 /* Main.storyboard */,
				B6DA27CB29AE7035003D2C44 /* Assets.xcassets */,
				B6DA27CD29AE7035003D2C44 /* LaunchScreen.storyboard */,
				B6DA27D029AE7035003D2C44 /* Info.plist */,
				5BE71A3529B166B40067DD61 /* GoogleService-Info.plist */,
			);
			path = Muse;
			sourceTree = "<group>";
		};
/* End PBXGroup section */

/* Begin PBXNativeTarget section */
		B6DA27BE29AE7030003D2C44 /* Muse */ = {
			isa = PBXNativeTarget;
			buildConfigurationList = B6DA27D329AE7035003D2C44 /* Build configuration list for PBXNativeTarget "Muse" */;
			buildPhases = (
				B6DA27BB29AE7030003D2C44 /* Sources */,
				B6DA27BC29AE7030003D2C44 /* Frameworks */,
				B6DA27BD29AE7030003D2C44 /* Resources */,
			);
			buildRules = (
			);
			dependencies = (
			);
			name = Muse;
			packageProductDependencies = (
				F64233C829B2899E00D671E1 /* SpotifyAPI */,
				F64233CB29B2B37100D671E1 /* FirebaseAnalytics */,
				F64233CD29B2B37100D671E1 /* FirebaseAnalyticsOnDeviceConversion */,
				F64233CF29B2B37100D671E1 /* FirebaseAnalyticsSwift */,
				F64233D129B2B37100D671E1 /* FirebaseAnalyticsWithoutAdIdSupport */,
				F64233D329B2B37100D671E1 /* FirebaseAppCheck */,
				F64233D529B2B37100D671E1 /* FirebaseAppDistribution-Beta */,
				F64233D729B2B37100D671E1 /* FirebaseAuth */,
				F64233D929B2B37100D671E1 /* FirebaseAuthCombine-Community */,
				F64233DB29B2B37100D671E1 /* FirebaseCrashlytics */,
				F64233DD29B2B37100D671E1 /* FirebaseDatabase */,
				F64233DF29B2B37100D671E1 /* FirebaseDatabaseSwift */,
				F64233E129B2B37100D671E1 /* FirebaseDynamicLinks */,
				F64233E329B2B37100D671E1 /* FirebaseFirestore */,
				F64233E529B2B37100D671E1 /* FirebaseFirestoreCombine-Community */,
				F64233E729B2B37100D671E1 /* FirebaseFirestoreSwift */,
				F64233E929B2B37100D671E1 /* FirebaseFunctions */,
				F64233EB29B2B37100D671E1 /* FirebaseFunctionsCombine-Community */,
				F64233ED29B2B37100D671E1 /* FirebaseInAppMessaging-Beta */,
				F64233EF29B2B37100D671E1 /* FirebaseInAppMessagingSwift-Beta */,
				F64233F129B2B37100D671E1 /* FirebaseInstallations */,
				F64233F329B2B37100D671E1 /* FirebaseMLModelDownloader */,
				F64233F529B2B37100D671E1 /* FirebaseMessaging */,
				F64233F729B2B37100D671E1 /* FirebasePerformance */,
				F64233F929B2B37100D671E1 /* FirebaseRemoteConfig */,
				F64233FB29B2B37100D671E1 /* FirebaseRemoteConfigSwift */,
				F64233FD29B2B37100D671E1 /* FirebaseStorage */,
				F64233FF29B2B37100D671E1 /* FirebaseStorageCombine-Community */,
			);
			productName = Muse;
			productReference = B6DA27BF29AE7030003D2C44 /* Muse.app */;
			productType = "com.apple.product-type.application";
		};
/* End PBXNativeTarget section */

/* Begin PBXProject section */
		B6DA27B729AE7030003D2C44 /* Project object */ = {
			isa = PBXProject;
			attributes = {
				BuildIndependentTargetsInParallel = 1;
				LastSwiftUpdateCheck = 1420;
				LastUpgradeCheck = 1420;
				TargetAttributes = {
					B6DA27BE29AE7030003D2C44 = {
						CreatedOnToolsVersion = 14.2;
					};
				};
			};
			buildConfigurationList = B6DA27BA29AE7030003D2C44 /* Build configuration list for PBXProject "Muse" */;
			compatibilityVersion = "Xcode 14.0";
			developmentRegion = en;
			hasScannedForEncodings = 0;
			knownRegions = (
				en,
				Base,
			);
			mainGroup = B6DA27B629AE7030003D2C44;
			packageReferences = (
				F64233C729B2899E00D671E1 /* XCRemoteSwiftPackageReference "SpotifyAPI" */,
				F64233CA29B2B37100D671E1 /* XCRemoteSwiftPackageReference "firebase-ios-sdk" */,
			);
			productRefGroup = B6DA27C029AE7030003D2C44 /* Products */;
			projectDirPath = "";
			projectRoot = "";
			targets = (
				B6DA27BE29AE7030003D2C44 /* Muse */,
			);
		};
/* End PBXProject section */

/* Begin PBXResourcesBuildPhase section */
		B6DA27BD29AE7030003D2C44 /* Resources */ = {
			isa = PBXResourcesBuildPhase;
			buildActionMask = 2147483647;
			files = (
				5B06281F29B7E97600012791 /* settings.png in Resources */,
				B6DA27CF29AE7035003D2C44 /* LaunchScreen.storyboard in Resources */,
				5B06281A29B7E36700012791 /* ticket.png in Resources */,
				5B72CD1829B7F56B0024DEAF /* edit.png in Resources */,
				5BEF4C7629B8041B005FA74E /* back.png in Resources */,
				5B06281D29B7E36700012791 /* home.png in Resources */,
				5BE71A3329AFFCA40067DD61 /* LogoWithName.png in Resources */,
				5B6C828E29B66CBC00A72CD7 /* SpotifyLogo.png in Resources */,
				5B06281B29B7E36700012791 /* profile.png in Resources */,
				5BE71A3429AFFCA40067DD61 /* Logo.png in Resources */,
				B6DA27CC29AE7035003D2C44 /* Assets.xcassets in Resources */,
				5B06281C29B7E36700012791 /* friends.png in Resources */,
				B6DA27CA29AE7030003D2C44 /* Main.storyboard in Resources */,
				5BE71A3629B166B40067DD61 /* GoogleService-Info.plist in Resources */,
			);
			runOnlyForDeploymentPostprocessing = 0;
		};
/* End PBXResourcesBuildPhase section */

/* Begin PBXSourcesBuildPhase section */
		B6DA27BB29AE7030003D2C44 /* Sources */ = {
			isa = PBXSourcesBuildPhase;
			buildActionMask = 2147483647;
			files = (
				B6DA27C729AE7030003D2C44 /* SplashScreenViewController.swift in Sources */,
				B6DA27C329AE7030003D2C44 /* AppDelegate.swift in Sources */,
				1E33C35E29B0035D00B4D320 /* RegisterFirstViewController.swift in Sources */,
				1EF30EA529D29C9C0082E775 /* SharedSong.swift in Sources */,
				5B49B78C29B1780F00247E0C /* WelcomeViewController.swift in Sources */,
				5B82A73C29B179790032C1FE /* AddFriendsViewController.swift in Sources */,
				5B82A73E29B17ABD0032C1FE /* HomeViewController.swift in Sources */,
				5B49B78E29B178CC00247E0C /* ConnectSpotifyViewController.swift in Sources */,
				5BE71A3029AE89970067DD61 /* LoginScreenViewController.swift in Sources */,
				5B82A74429B17D890032C1FE /* MyListeningViewController.swift in Sources */,
				B6DA27C529AE7030003D2C44 /* SceneDelegate.swift in Sources */,
				1EF30EA929D371690082E775 /* SharedArtist.swift in Sources */,
				5B72CD1629B7F0C00024DEAF /* SettingsViewController.swift in Sources */,
				5B82A74029B17D680032C1FE /* ConcertsViewController.swift in Sources */,
				5B82A74229B17D7C0032C1FE /* MyFriendsViewController.swift in Sources */,
			);
			runOnlyForDeploymentPostprocessing = 0;
		};
/* End PBXSourcesBuildPhase section */

/* Begin PBXVariantGroup section */
		B6DA27C829AE7030003D2C44 /* Main.storyboard */ = {
			isa = PBXVariantGroup;
			children = (
				B6DA27C929AE7030003D2C44 /* Base */,
			);
			name = Main.storyboard;
			sourceTree = "<group>";
		};
		B6DA27CD29AE7035003D2C44 /* LaunchScreen.storyboard */ = {
			isa = PBXVariantGroup;
			children = (
				B6DA27CE29AE7035003D2C44 /* Base */,
			);
			name = LaunchScreen.storyboard;
			sourceTree = "<group>";
		};
/* End PBXVariantGroup section */

/* Begin XCBuildConfiguration section */
		B6DA27D129AE7035003D2C44 /* Debug */ = {
			isa = XCBuildConfiguration;
			buildSettings = {
				ALWAYS_SEARCH_USER_PATHS = NO;
				CLANG_ANALYZER_NONNULL = YES;
				CLANG_ANALYZER_NUMBER_OBJECT_CONVERSION = YES_AGGRESSIVE;
				CLANG_CXX_LANGUAGE_STANDARD = "gnu++20";
				CLANG_ENABLE_MODULES = YES;
				CLANG_ENABLE_OBJC_ARC = YES;
				CLANG_ENABLE_OBJC_WEAK = YES;
				CLANG_WARN_BLOCK_CAPTURE_AUTORELEASING = YES;
				CLANG_WARN_BOOL_CONVERSION = YES;
				CLANG_WARN_COMMA = YES;
				CLANG_WARN_CONSTANT_CONVERSION = YES;
				CLANG_WARN_DEPRECATED_OBJC_IMPLEMENTATIONS = YES;
				CLANG_WARN_DIRECT_OBJC_ISA_USAGE = YES_ERROR;
				CLANG_WARN_DOCUMENTATION_COMMENTS = YES;
				CLANG_WARN_EMPTY_BODY = YES;
				CLANG_WARN_ENUM_CONVERSION = YES;
				CLANG_WARN_INFINITE_RECURSION = YES;
				CLANG_WARN_INT_CONVERSION = YES;
				CLANG_WARN_NON_LITERAL_NULL_CONVERSION = YES;
				CLANG_WARN_OBJC_IMPLICIT_RETAIN_SELF = YES;
				CLANG_WARN_OBJC_LITERAL_CONVERSION = YES;
				CLANG_WARN_OBJC_ROOT_CLASS = YES_ERROR;
				CLANG_WARN_QUOTED_INCLUDE_IN_FRAMEWORK_HEADER = YES;
				CLANG_WARN_RANGE_LOOP_ANALYSIS = YES;
				CLANG_WARN_STRICT_PROTOTYPES = YES;
				CLANG_WARN_SUSPICIOUS_MOVE = YES;
				CLANG_WARN_UNGUARDED_AVAILABILITY = YES_AGGRESSIVE;
				CLANG_WARN_UNREACHABLE_CODE = YES;
				CLANG_WARN__DUPLICATE_METHOD_MATCH = YES;
				COPY_PHASE_STRIP = NO;
				DEBUG_INFORMATION_FORMAT = dwarf;
				ENABLE_STRICT_OBJC_MSGSEND = YES;
				ENABLE_TESTABILITY = YES;
				GCC_C_LANGUAGE_STANDARD = gnu11;
				GCC_DYNAMIC_NO_PIC = NO;
				GCC_NO_COMMON_BLOCKS = YES;
				GCC_OPTIMIZATION_LEVEL = 0;
				GCC_PREPROCESSOR_DEFINITIONS = (
					"DEBUG=1",
					"$(inherited)",
				);
				GCC_WARN_64_TO_32_BIT_CONVERSION = YES;
				GCC_WARN_ABOUT_RETURN_TYPE = YES_ERROR;
				GCC_WARN_UNDECLARED_SELECTOR = YES;
				GCC_WARN_UNINITIALIZED_AUTOS = YES_AGGRESSIVE;
				GCC_WARN_UNUSED_FUNCTION = YES;
				GCC_WARN_UNUSED_VARIABLE = YES;
				IPHONEOS_DEPLOYMENT_TARGET = 16.2;
				MTL_ENABLE_DEBUG_INFO = INCLUDE_SOURCE;
				MTL_FAST_MATH = YES;
				ONLY_ACTIVE_ARCH = YES;
				SDKROOT = iphoneos;
				SWIFT_ACTIVE_COMPILATION_CONDITIONS = DEBUG;
				SWIFT_OPTIMIZATION_LEVEL = "-Onone";
			};
			name = Debug;
		};
		B6DA27D229AE7035003D2C44 /* Release */ = {
			isa = XCBuildConfiguration;
			buildSettings = {
				ALWAYS_SEARCH_USER_PATHS = NO;
				CLANG_ANALYZER_NONNULL = YES;
				CLANG_ANALYZER_NUMBER_OBJECT_CONVERSION = YES_AGGRESSIVE;
				CLANG_CXX_LANGUAGE_STANDARD = "gnu++20";
				CLANG_ENABLE_MODULES = YES;
				CLANG_ENABLE_OBJC_ARC = YES;
				CLANG_ENABLE_OBJC_WEAK = YES;
				CLANG_WARN_BLOCK_CAPTURE_AUTORELEASING = YES;
				CLANG_WARN_BOOL_CONVERSION = YES;
				CLANG_WARN_COMMA = YES;
				CLANG_WARN_CONSTANT_CONVERSION = YES;
				CLANG_WARN_DEPRECATED_OBJC_IMPLEMENTATIONS = YES;
				CLANG_WARN_DIRECT_OBJC_ISA_USAGE = YES_ERROR;
				CLANG_WARN_DOCUMENTATION_COMMENTS = YES;
				CLANG_WARN_EMPTY_BODY = YES;
				CLANG_WARN_ENUM_CONVERSION = YES;
				CLANG_WARN_INFINITE_RECURSION = YES;
				CLANG_WARN_INT_CONVERSION = YES;
				CLANG_WARN_NON_LITERAL_NULL_CONVERSION = YES;
				CLANG_WARN_OBJC_IMPLICIT_RETAIN_SELF = YES;
				CLANG_WARN_OBJC_LITERAL_CONVERSION = YES;
				CLANG_WARN_OBJC_ROOT_CLASS = YES_ERROR;
				CLANG_WARN_QUOTED_INCLUDE_IN_FRAMEWORK_HEADER = YES;
				CLANG_WARN_RANGE_LOOP_ANALYSIS = YES;
				CLANG_WARN_STRICT_PROTOTYPES = YES;
				CLANG_WARN_SUSPICIOUS_MOVE = YES;
				CLANG_WARN_UNGUARDED_AVAILABILITY = YES_AGGRESSIVE;
				CLANG_WARN_UNREACHABLE_CODE = YES;
				CLANG_WARN__DUPLICATE_METHOD_MATCH = YES;
				COPY_PHASE_STRIP = NO;
				DEBUG_INFORMATION_FORMAT = "dwarf-with-dsym";
				ENABLE_NS_ASSERTIONS = NO;
				ENABLE_STRICT_OBJC_MSGSEND = YES;
				GCC_C_LANGUAGE_STANDARD = gnu11;
				GCC_NO_COMMON_BLOCKS = YES;
				GCC_WARN_64_TO_32_BIT_CONVERSION = YES;
				GCC_WARN_ABOUT_RETURN_TYPE = YES_ERROR;
				GCC_WARN_UNDECLARED_SELECTOR = YES;
				GCC_WARN_UNINITIALIZED_AUTOS = YES_AGGRESSIVE;
				GCC_WARN_UNUSED_FUNCTION = YES;
				GCC_WARN_UNUSED_VARIABLE = YES;
				IPHONEOS_DEPLOYMENT_TARGET = 16.2;
				MTL_ENABLE_DEBUG_INFO = NO;
				MTL_FAST_MATH = YES;
				SDKROOT = iphoneos;
				SWIFT_COMPILATION_MODE = wholemodule;
				SWIFT_OPTIMIZATION_LEVEL = "-O";
				VALIDATE_PRODUCT = YES;
			};
			name = Release;
		};
		B6DA27D429AE7035003D2C44 /* Debug */ = {
			isa = XCBuildConfiguration;
			buildSettings = {
				ASSETCATALOG_COMPILER_APPICON_NAME = AppIcon;
				ASSETCATALOG_COMPILER_GLOBAL_ACCENT_COLOR_NAME = AccentColor;
				CODE_SIGN_STYLE = Automatic;
				CURRENT_PROJECT_VERSION = 1;
				DEVELOPMENT_TEAM = 2758A3VKTT;
				GENERATE_INFOPLIST_FILE = YES;
				INFOPLIST_FILE = Muse/Info.plist;
				INFOPLIST_KEY_UIApplicationSupportsIndirectInputEvents = YES;
				INFOPLIST_KEY_UILaunchStoryboardName = LaunchScreen;
				INFOPLIST_KEY_UIMainStoryboardFile = Main;
				INFOPLIST_KEY_UISupportedInterfaceOrientations_iPad = "UIInterfaceOrientationPortrait UIInterfaceOrientationPortraitUpsideDown UIInterfaceOrientationLandscapeLeft UIInterfaceOrientationLandscapeRight";
				INFOPLIST_KEY_UISupportedInterfaceOrientations_iPhone = "UIInterfaceOrientationPortrait UIInterfaceOrientationLandscapeLeft UIInterfaceOrientationLandscapeRight";
				LD_RUNPATH_SEARCH_PATHS = (
					"$(inherited)",
					"@executable_path/Frameworks",
				);
				MARKETING_VERSION = 1.0;
				PRODUCT_BUNDLE_IDENTIFIER = personal.Muse;
				PRODUCT_NAME = "$(TARGET_NAME)";
				SWIFT_EMIT_LOC_STRINGS = YES;
				SWIFT_VERSION = 5.0;
				TARGETED_DEVICE_FAMILY = "1,2";
			};
			name = Debug;
		};
		B6DA27D529AE7035003D2C44 /* Release */ = {
			isa = XCBuildConfiguration;
			buildSettings = {
				ASSETCATALOG_COMPILER_APPICON_NAME = AppIcon;
				ASSETCATALOG_COMPILER_GLOBAL_ACCENT_COLOR_NAME = AccentColor;
				CODE_SIGN_STYLE = Automatic;
				CURRENT_PROJECT_VERSION = 1;
				DEVELOPMENT_TEAM = 2758A3VKTT;
				GENERATE_INFOPLIST_FILE = YES;
				INFOPLIST_FILE = Muse/Info.plist;
				INFOPLIST_KEY_UIApplicationSupportsIndirectInputEvents = YES;
				INFOPLIST_KEY_UILaunchStoryboardName = LaunchScreen;
				INFOPLIST_KEY_UIMainStoryboardFile = Main;
				INFOPLIST_KEY_UISupportedInterfaceOrientations_iPad = "UIInterfaceOrientationPortrait UIInterfaceOrientationPortraitUpsideDown UIInterfaceOrientationLandscapeLeft UIInterfaceOrientationLandscapeRight";
				INFOPLIST_KEY_UISupportedInterfaceOrientations_iPhone = "UIInterfaceOrientationPortrait UIInterfaceOrientationLandscapeLeft UIInterfaceOrientationLandscapeRight";
				LD_RUNPATH_SEARCH_PATHS = (
					"$(inherited)",
					"@executable_path/Frameworks",
				);
				MARKETING_VERSION = 1.0;
				PRODUCT_BUNDLE_IDENTIFIER = personal.Muse;
				PRODUCT_NAME = "$(TARGET_NAME)";
				SWIFT_EMIT_LOC_STRINGS = YES;
				SWIFT_VERSION = 5.0;
				TARGETED_DEVICE_FAMILY = "1,2";
			};
			name = Release;
		};
/* End XCBuildConfiguration section */

/* Begin XCConfigurationList section */
		B6DA27BA29AE7030003D2C44 /* Build configuration list for PBXProject "Muse" */ = {
			isa = XCConfigurationList;
			buildConfigurations = (
				B6DA27D129AE7035003D2C44 /* Debug */,
				B6DA27D229AE7035003D2C44 /* Release */,
			);
			defaultConfigurationIsVisible = 0;
			defaultConfigurationName = Release;
		};
		B6DA27D329AE7035003D2C44 /* Build configuration list for PBXNativeTarget "Muse" */ = {
			isa = XCConfigurationList;
			buildConfigurations = (
				B6DA27D429AE7035003D2C44 /* Debug */,
				B6DA27D529AE7035003D2C44 /* Release */,
			);
			defaultConfigurationIsVisible = 0;
			defaultConfigurationName = Release;
		};
/* End XCConfigurationList section */

/* Begin XCRemoteSwiftPackageReference section */
		F64233C729B2899E00D671E1 /* XCRemoteSwiftPackageReference "SpotifyAPI" */ = {
			isa = XCRemoteSwiftPackageReference;
			repositoryURL = "https://github.com/Peter-Schorn/SpotifyAPI";
			requirement = {
				kind = upToNextMajorVersion;
				minimumVersion = 2.0.0;
			};
		};
		F64233CA29B2B37100D671E1 /* XCRemoteSwiftPackageReference "firebase-ios-sdk" */ = {
			isa = XCRemoteSwiftPackageReference;
			repositoryURL = "https://github.com/firebase/firebase-ios-sdk.git";
			requirement = {
				branch = master;
				kind = branch;
			};
		};
/* End XCRemoteSwiftPackageReference section */

/* Begin XCSwiftPackageProductDependency section */
		F64233C829B2899E00D671E1 /* SpotifyAPI */ = {
			isa = XCSwiftPackageProductDependency;
			package = F64233C729B2899E00D671E1 /* XCRemoteSwiftPackageReference "SpotifyAPI" */;
			productName = SpotifyAPI;
		};
		F64233CB29B2B37100D671E1 /* FirebaseAnalytics */ = {
			isa = XCSwiftPackageProductDependency;
			package = F64233CA29B2B37100D671E1 /* XCRemoteSwiftPackageReference "firebase-ios-sdk" */;
			productName = FirebaseAnalytics;
		};
		F64233CD29B2B37100D671E1 /* FirebaseAnalyticsOnDeviceConversion */ = {
			isa = XCSwiftPackageProductDependency;
			package = F64233CA29B2B37100D671E1 /* XCRemoteSwiftPackageReference "firebase-ios-sdk" */;
			productName = FirebaseAnalyticsOnDeviceConversion;
		};
		F64233CF29B2B37100D671E1 /* FirebaseAnalyticsSwift */ = {
			isa = XCSwiftPackageProductDependency;
			package = F64233CA29B2B37100D671E1 /* XCRemoteSwiftPackageReference "firebase-ios-sdk" */;
			productName = FirebaseAnalyticsSwift;
		};
		F64233D129B2B37100D671E1 /* FirebaseAnalyticsWithoutAdIdSupport */ = {
			isa = XCSwiftPackageProductDependency;
			package = F64233CA29B2B37100D671E1 /* XCRemoteSwiftPackageReference "firebase-ios-sdk" */;
			productName = FirebaseAnalyticsWithoutAdIdSupport;
		};
		F64233D329B2B37100D671E1 /* FirebaseAppCheck */ = {
			isa = XCSwiftPackageProductDependency;
			package = F64233CA29B2B37100D671E1 /* XCRemoteSwiftPackageReference "firebase-ios-sdk" */;
			productName = FirebaseAppCheck;
		};
		F64233D529B2B37100D671E1 /* FirebaseAppDistribution-Beta */ = {
			isa = XCSwiftPackageProductDependency;
			package = F64233CA29B2B37100D671E1 /* XCRemoteSwiftPackageReference "firebase-ios-sdk" */;
			productName = "FirebaseAppDistribution-Beta";
		};
		F64233D729B2B37100D671E1 /* FirebaseAuth */ = {
			isa = XCSwiftPackageProductDependency;
			package = F64233CA29B2B37100D671E1 /* XCRemoteSwiftPackageReference "firebase-ios-sdk" */;
			productName = FirebaseAuth;
		};
		F64233D929B2B37100D671E1 /* FirebaseAuthCombine-Community */ = {
			isa = XCSwiftPackageProductDependency;
			package = F64233CA29B2B37100D671E1 /* XCRemoteSwiftPackageReference "firebase-ios-sdk" */;
			productName = "FirebaseAuthCombine-Community";
		};
		F64233DB29B2B37100D671E1 /* FirebaseCrashlytics */ = {
			isa = XCSwiftPackageProductDependency;
			package = F64233CA29B2B37100D671E1 /* XCRemoteSwiftPackageReference "firebase-ios-sdk" */;
			productName = FirebaseCrashlytics;
		};
		F64233DD29B2B37100D671E1 /* FirebaseDatabase */ = {
			isa = XCSwiftPackageProductDependency;
			package = F64233CA29B2B37100D671E1 /* XCRemoteSwiftPackageReference "firebase-ios-sdk" */;
			productName = FirebaseDatabase;
		};
		F64233DF29B2B37100D671E1 /* FirebaseDatabaseSwift */ = {
			isa = XCSwiftPackageProductDependency;
			package = F64233CA29B2B37100D671E1 /* XCRemoteSwiftPackageReference "firebase-ios-sdk" */;
			productName = FirebaseDatabaseSwift;
		};
		F64233E129B2B37100D671E1 /* FirebaseDynamicLinks */ = {
			isa = XCSwiftPackageProductDependency;
			package = F64233CA29B2B37100D671E1 /* XCRemoteSwiftPackageReference "firebase-ios-sdk" */;
			productName = FirebaseDynamicLinks;
		};
		F64233E329B2B37100D671E1 /* FirebaseFirestore */ = {
			isa = XCSwiftPackageProductDependency;
			package = F64233CA29B2B37100D671E1 /* XCRemoteSwiftPackageReference "firebase-ios-sdk" */;
			productName = FirebaseFirestore;
		};
		F64233E529B2B37100D671E1 /* FirebaseFirestoreCombine-Community */ = {
			isa = XCSwiftPackageProductDependency;
			package = F64233CA29B2B37100D671E1 /* XCRemoteSwiftPackageReference "firebase-ios-sdk" */;
			productName = "FirebaseFirestoreCombine-Community";
		};
		F64233E729B2B37100D671E1 /* FirebaseFirestoreSwift */ = {
			isa = XCSwiftPackageProductDependency;
			package = F64233CA29B2B37100D671E1 /* XCRemoteSwiftPackageReference "firebase-ios-sdk" */;
			productName = FirebaseFirestoreSwift;
		};
		F64233E929B2B37100D671E1 /* FirebaseFunctions */ = {
			isa = XCSwiftPackageProductDependency;
			package = F64233CA29B2B37100D671E1 /* XCRemoteSwiftPackageReference "firebase-ios-sdk" */;
			productName = FirebaseFunctions;
		};
		F64233EB29B2B37100D671E1 /* FirebaseFunctionsCombine-Community */ = {
			isa = XCSwiftPackageProductDependency;
			package = F64233CA29B2B37100D671E1 /* XCRemoteSwiftPackageReference "firebase-ios-sdk" */;
			productName = "FirebaseFunctionsCombine-Community";
		};
		F64233ED29B2B37100D671E1 /* FirebaseInAppMessaging-Beta */ = {
			isa = XCSwiftPackageProductDependency;
			package = F64233CA29B2B37100D671E1 /* XCRemoteSwiftPackageReference "firebase-ios-sdk" */;
			productName = "FirebaseInAppMessaging-Beta";
		};
		F64233EF29B2B37100D671E1 /* FirebaseInAppMessagingSwift-Beta */ = {
			isa = XCSwiftPackageProductDependency;
			package = F64233CA29B2B37100D671E1 /* XCRemoteSwiftPackageReference "firebase-ios-sdk" */;
			productName = "FirebaseInAppMessagingSwift-Beta";
		};
		F64233F129B2B37100D671E1 /* FirebaseInstallations */ = {
			isa = XCSwiftPackageProductDependency;
			package = F64233CA29B2B37100D671E1 /* XCRemoteSwiftPackageReference "firebase-ios-sdk" */;
			productName = FirebaseInstallations;
		};
		F64233F329B2B37100D671E1 /* FirebaseMLModelDownloader */ = {
			isa = XCSwiftPackageProductDependency;
			package = F64233CA29B2B37100D671E1 /* XCRemoteSwiftPackageReference "firebase-ios-sdk" */;
			productName = FirebaseMLModelDownloader;
		};
		F64233F529B2B37100D671E1 /* FirebaseMessaging */ = {
			isa = XCSwiftPackageProductDependency;
			package = F64233CA29B2B37100D671E1 /* XCRemoteSwiftPackageReference "firebase-ios-sdk" */;
			productName = FirebaseMessaging;
		};
		F64233F729B2B37100D671E1 /* FirebasePerformance */ = {
			isa = XCSwiftPackageProductDependency;
			package = F64233CA29B2B37100D671E1 /* XCRemoteSwiftPackageReference "firebase-ios-sdk" */;
			productName = FirebasePerformance;
		};
		F64233F929B2B37100D671E1 /* FirebaseRemoteConfig */ = {
			isa = XCSwiftPackageProductDependency;
			package = F64233CA29B2B37100D671E1 /* XCRemoteSwiftPackageReference "firebase-ios-sdk" */;
			productName = FirebaseRemoteConfig;
		};
		F64233FB29B2B37100D671E1 /* FirebaseRemoteConfigSwift */ = {
			isa = XCSwiftPackageProductDependency;
			package = F64233CA29B2B37100D671E1 /* XCRemoteSwiftPackageReference "firebase-ios-sdk" */;
			productName = FirebaseRemoteConfigSwift;
		};
		F64233FD29B2B37100D671E1 /* FirebaseStorage */ = {
			isa = XCSwiftPackageProductDependency;
			package = F64233CA29B2B37100D671E1 /* XCRemoteSwiftPackageReference "firebase-ios-sdk" */;
			productName = FirebaseStorage;
		};
		F64233FF29B2B37100D671E1 /* FirebaseStorageCombine-Community */ = {
			isa = XCSwiftPackageProductDependency;
			package = F64233CA29B2B37100D671E1 /* XCRemoteSwiftPackageReference "firebase-ios-sdk" */;
			productName = "FirebaseStorageCombine-Community";
		};
/* End XCSwiftPackageProductDependency section */
	};
	rootObject = B6DA27B729AE7030003D2C44 /* Project object */;
}
